
Microsoft Visual Studio Solution File, Format Version 12.00
# Visual Studio Version 17
VisualStudioVersion = 17.4.33122.133
MinimumVisualStudioVersion = 10.0.40219.1
Project("{9A19103F-16F7-4668-BE54-9A1E7A4F7556}") = "BotLibrary", "BotLibrary\BotLibrary.csproj", "{5FE91CE2-027C-4ADD-BDF3-BA93F4CB6028}"
EndProject
Project("{9A19103F-16F7-4668-BE54-9A1E7A4F7556}") = "VkBotLibrary", "VkBotLibrary\VkBotLibrary.csproj", "{8C36C4A8-D684-4C17-AFB7-D79408C539C5}"
EndProject
Project("{9A19103F-16F7-4668-BE54-9A1E7A4F7556}") = "GotBot", "GotBot\GotBot.csproj", "{9AFF8ADA-645F-4949-9F63-78F35DD2541F}"
EndProject
Project("{FAE04EC0-301F-11D3-BF4B-00C04F79EFBC}") = "TgBotLibrary", "TgBotLibrary\TgBotLibrary.csproj", "{CE3D599B-2847-48C8-A14D-B2682DA85EFF}"
EndProject
Global
	GlobalSection(SolutionConfigurationPlatforms) = preSolution
		Debug|Any CPU = Debug|Any CPU
		Release|Any CPU = Release|Any CPU
	EndGlobalSection
	GlobalSection(ProjectConfigurationPlatforms) = postSolution
		{5FE91CE2-027C-4ADD-BDF3-BA93F4CB6028}.Debug|Any CPU.ActiveCfg = Debug|Any CPU
		{5FE91CE2-027C-4ADD-BDF3-BA93F4CB6028}.Debug|Any CPU.Build.0 = Debug|Any CPU
		{5FE91CE2-027C-4ADD-BDF3-BA93F4CB6028}.Release|Any CPU.ActiveCfg = Release|Any CPU
		{5FE91CE2-027C-4ADD-BDF3-BA93F4CB6028}.Release|Any CPU.Build.0 = Release|Any CPU
		{8C36C4A8-D684-4C17-AFB7-D79408C539C5}.Debug|Any CPU.ActiveCfg = Debug|Any CPU
		{8C36C4A8-D684-4C17-AFB7-D79408C539C5}.Debug|Any CPU.Build.0 = Debug|Any CPU
		{8C36C4A8-D684-4C17-AFB7-D79408C539C5}.Release|Any CPU.ActiveCfg = Release|Any CPU
		{8C36C4A8-D684-4C17-AFB7-D79408C539C5}.Release|Any CPU.Build.0 = Release|Any CPU
		{9AFF8ADA-645F-4949-9F63-78F35DD2541F}.Debug|Any CPU.ActiveCfg = Debug|Any CPU
		{9AFF8ADA-645F-4949-9F63-78F35DD2541F}.Debug|Any CPU.Build.0 = Debug|Any CPU
		{9AFF8ADA-645F-4949-9F63-78F35DD2541F}.Release|Any CPU.ActiveCfg = Release|Any CPU
		{9AFF8ADA-645F-4949-9F63-78F35DD2541F}.Release|Any CPU.Build.0 = Release|Any CPU
		{CE3D599B-2847-48C8-A14D-B2682DA85EFF}.Debug|Any CPU.ActiveCfg = Debug|Any CPU
		{CE3D599B-2847-48C8-A14D-B2682DA85EFF}.Debug|Any CPU.Build.0 = Debug|Any CPU
		{CE3D599B-2847-48C8-A14D-B2682DA85EFF}.Release|Any CPU.ActiveCfg = Release|Any CPU
		{CE3D599B-2847-48C8-A14D-B2682DA85EFF}.Release|Any CPU.Build.0 = Release|Any CPU
	EndGlobalSection
	GlobalSection(SolutionProperties) = preSolution
		HideSolutionNode = FALSE
	EndGlobalSection
	GlobalSection(ExtensibilityGlobals) = postSolution
		SolutionGuid = {E59A7AC4-F0D1-4DBA-A422-D605D78182CA}
	EndGlobalSection
EndGlobal
